
Microsoft Visual Studio Solution File, Format Version 12.00
# Visual Studio Version 16
VisualStudioVersion = 16.0.34301.259
MinimumVisualStudioVersion = 10.0.40219.1
Project("{FAE04EC0-301F-11D3-BF4B-00C04F79EFBC}") = "FirstTestInterface", "FirstTestInterface.csproj", "{022C8556-19B6-45A6-B2BF-D0FA83842AD7}"
EndProject
Global
	GlobalSection(SolutionConfigurationPlatforms) = preSolution
		Debug|Any CPU = Debug|Any CPU
		Release|Any CPU = Release|Any CPU
	EndGlobalSection
	GlobalSection(ProjectConfigurationPlatforms) = postSolution
		{022C8556-19B6-45A6-B2BF-D0FA83842AD7}.Debug|Any CPU.ActiveCfg = Debug|Any CPU
		{022C8556-19B6-45A6-B2BF-D0FA83842AD7}.Debug|Any CPU.Build.0 = Debug|Any CPU
		{022C8556-19B6-45A6-B2BF-D0FA83842AD7}.Release|Any CPU.ActiveCfg = Release|Any CPU
		{022C8556-19B6-45A6-B2BF-D0FA83842AD7}.Release|Any CPU.Build.0 = Release|Any CPU
	EndGlobalSection
	GlobalSection(SolutionProperties) = preSolution
		HideSolutionNode = FALSE
	EndGlobalSection
	GlobalSection(ExtensibilityGlobals) = postSolution
		SolutionGuid = {949F67A2-D966-4295-B509-025C212C073B}
	EndGlobalSection
EndGlobal
